
Microsoft Visual Studio Solution File, Format Version 12.00
# Visual Studio Version 17
VisualStudioVersion = 17.13.35818.85
MinimumVisualStudioVersion = 10.0.40219.1
Project("{FAE04EC0-301F-11D3-BF4B-00C04F79EFBC}") = "E_Commerce.API", "E_Commerce.API\E_Commerce.API.csproj", "{B434C196-FB4C-441E-8306-C38BF5740C8C}"
EndProject
Project("{FAE04EC0-301F-11D3-BF4B-00C04F79EFBC}") = "E_Commerce.Application", "E_Commerce.Application\E_Commerce.Application.csproj", "{66D6E3C6-26F2-4B80-BDAA-2841B8155441}"
EndProject
Project("{FAE04EC0-301F-11D3-BF4B-00C04F79EFBC}") = "E_Commerce.Infrastructure", "E_Commerce.Infrastructure\E_Commerce.Infrastructure.csproj", "{9B2AD096-2790-41E9-93D4-9CA0E7186F8B}"
EndProject
Project("{FAE04EC0-301F-11D3-BF4B-00C04F79EFBC}") = "E_Commerce.Domain", "E_Commerce.Domain\E_Commerce.Domain.csproj", "{7C69570F-BEE2-4EC0-B467-CF582A5E5DFB}"
EndProject
Project("{FAE04EC0-301F-11D3-BF4B-00C04F79EFBC}") = "E_Commerce.UnitTests", "E_Commerce.UnitTests\E_Commerce.UnitTests.csproj", "{12F214A5-B6E9-4ACB-93D6-593C414625C5}"
EndProject
Project("{2150E333-8FDC-42A3-9474-1A3956D46DE8}") = "Solution Items", "Solution Items", "{8EC462FD-D22E-90A8-E5CE-7E832BA40C5D}"
	ProjectSection(SolutionItems) = preProject
		Notes.cs = Notes.cs
	EndProjectSection
EndProject
Global
	GlobalSection(SolutionConfigurationPlatforms) = preSolution
		Debug|Any CPU = Debug|Any CPU
		Release|Any CPU = Release|Any CPU
	EndGlobalSection
	GlobalSection(ProjectConfigurationPlatforms) = postSolution
		{B434C196-FB4C-441E-8306-C38BF5740C8C}.Debug|Any CPU.ActiveCfg = Debug|Any CPU
		{B434C196-FB4C-441E-8306-C38BF5740C8C}.Debug|Any CPU.Build.0 = Debug|Any CPU
		{B434C196-FB4C-441E-8306-C38BF5740C8C}.Release|Any CPU.ActiveCfg = Release|Any CPU
		{B434C196-FB4C-441E-8306-C38BF5740C8C}.Release|Any CPU.Build.0 = Release|Any CPU
		{66D6E3C6-26F2-4B80-BDAA-2841B8155441}.Debug|Any CPU.ActiveCfg = Debug|Any CPU
		{66D6E3C6-26F2-4B80-BDAA-2841B8155441}.Debug|Any CPU.Build.0 = Debug|Any CPU
		{66D6E3C6-26F2-4B80-BDAA-2841B8155441}.Release|Any CPU.ActiveCfg = Release|Any CPU
		{66D6E3C6-26F2-4B80-BDAA-2841B8155441}.Release|Any CPU.Build.0 = Release|Any CPU
		{9B2AD096-2790-41E9-93D4-9CA0E7186F8B}.Debug|Any CPU.ActiveCfg = Debug|Any CPU
		{9B2AD096-2790-41E9-93D4-9CA0E7186F8B}.Debug|Any CPU.Build.0 = Debug|Any CPU
		{9B2AD096-2790-41E9-93D4-9CA0E7186F8B}.Release|Any CPU.ActiveCfg = Release|Any CPU
		{9B2AD096-2790-41E9-93D4-9CA0E7186F8B}.Release|Any CPU.Build.0 = Release|Any CPU
		{7C69570F-BEE2-4EC0-B467-CF582A5E5DFB}.Debug|Any CPU.ActiveCfg = Debug|Any CPU
		{7C69570F-BEE2-4EC0-B467-CF582A5E5DFB}.Debug|Any CPU.Build.0 = Debug|Any CPU
		{7C69570F-BEE2-4EC0-B467-CF582A5E5DFB}.Release|Any CPU.ActiveCfg = Release|Any CPU
		{7C69570F-BEE2-4EC0-B467-CF582A5E5DFB}.Release|Any CPU.Build.0 = Release|Any CPU
		{12F214A5-B6E9-4ACB-93D6-593C414625C5}.Debug|Any CPU.ActiveCfg = Debug|Any CPU
		{12F214A5-B6E9-4ACB-93D6-593C414625C5}.Debug|Any CPU.Build.0 = Debug|Any CPU
		{12F214A5-B6E9-4ACB-93D6-593C414625C5}.Release|Any CPU.ActiveCfg = Release|Any CPU
		{12F214A5-B6E9-4ACB-93D6-593C414625C5}.Release|Any CPU.Build.0 = Release|Any CPU
	EndGlobalSection
	GlobalSection(SolutionProperties) = preSolution
		HideSolutionNode = FALSE
	EndGlobalSection
	GlobalSection(ExtensibilityGlobals) = postSolution
		SolutionGuid = {3C6B0438-30FE-496C-BF13-0B3EFB8AB4F8}
	EndGlobalSection
EndGlobal
